// !$*UTF8*$!
{
	archiveVersion = 1;
	classes = {
	};
	objectVersion = 46;
	objects = {

/* Begin PBXBuildFile section */
		D19282831D21D82F0011CD92 /* CollectionHelper.swift in Sources */ = {isa = PBXBuildFile; fileRef = D19282821D21D82F0011CD92 /* CollectionHelper.swift */; };
		D19282851D21D9B00011CD92 /* CreateTableViewController.swift in Sources */ = {isa = PBXBuildFile; fileRef = D19282841D21D9B00011CD92 /* CreateTableViewController.swift */; };
		D198D10A1D2158D70084D7E2 /* AppDelegate.swift in Sources */ = {isa = PBXBuildFile; fileRef = D198D1091D2158D70084D7E2 /* AppDelegate.swift */; };
		D198D10C1D2158D70084D7E2 /* ViewController.swift in Sources */ = {isa = PBXBuildFile; fileRef = D198D10B1D2158D70084D7E2 /* ViewController.swift */; };
		D198D10F1D2158D70084D7E2 /* Main.storyboard in Resources */ = {isa = PBXBuildFile; fileRef = D198D10D1D2158D70084D7E2 /* Main.storyboard */; };
		D198D1121D2158D70084D7E2 /* Collection.xcdatamodeld in Sources */ = {isa = PBXBuildFile; fileRef = D198D1101D2158D70084D7E2 /* Collection.xcdatamodeld */; };
		D198D1141D2158D70084D7E2 /* Assets.xcassets in Resources */ = {isa = PBXBuildFile; fileRef = D198D1131D2158D70084D7E2 /* Assets.xcassets */; };
		D198D1171D2158D70084D7E2 /* LaunchScreen.storyboard in Resources */ = {isa = PBXBuildFile; fileRef = D198D1151D2158D70084D7E2 /* LaunchScreen.storyboard */; };
		D198D11F1D215B5B0084D7E2 /* ItemCell.swift in Sources */ = {isa = PBXBuildFile; fileRef = D198D11E1D215B5B0084D7E2 /* ItemCell.swift */; };
/* End PBXBuildFile section */

/* Begin PBXFileReference section */
		D19282821D21D82F0011CD92 /* CollectionHelper.swift */ = {isa = PBXFileReference; fileEncoding = 4; lastKnownFileType = sourcecode.swift; path = CollectionHelper.swift; sourceTree = "<group>"; };
		D19282841D21D9B00011CD92 /* CreateTableViewController.swift */ = {isa = PBXFileReference; fileEncoding = 4; lastKnownFileType = sourcecode.swift; path = CreateTableViewController.swift; sourceTree = "<group>"; };
		D198D1061D2158D70084D7E2 /* Collection.app */ = {isa = PBXFileReference; explicitFileType = wrapper.application; includeInIndex = 0; path = Collection.app; sourceTree = BUILT_PRODUCTS_DIR; };
		D198D1091D2158D70084D7E2 /* AppDelegate.swift */ = {isa = PBXFileReference; lastKnownFileType = sourcecode.swift; path = AppDelegate.swift; sourceTree = "<group>"; };
		D198D10B1D2158D70084D7E2 /* ViewController.swift */ = {isa = PBXFileReference; lastKnownFileType = sourcecode.swift; path = ViewController.swift; sourceTree = "<group>"; };
		D198D10E1D2158D70084D7E2 /* Base */ = {isa = PBXFileReference; lastKnownFileType = file.storyboard; name = Base; path = Base.lproj/Main.storyboard; sourceTree = "<group>"; };
		D198D1111D2158D70084D7E2 /* Collection.xcdatamodel */ = {isa = PBXFileReference; lastKnownFileType = wrapper.xcdatamodel; path = Collection.xcdatamodel; sourceTree = "<group>"; };
		D198D1131D2158D70084D7E2 /* Assets.xcassets */ = {isa = PBXFileReference; lastKnownFileType = folder.assetcatalog; path = Assets.xcassets; sourceTree = "<group>"; };
		D198D1161D2158D70084D7E2 /* Base */ = {isa = PBXFileReference; lastKnownFileType = file.storyboard; name = Base; path = Base.lproj/LaunchScreen.storyboard; sourceTree = "<group>"; };
		D198D1181D2158D70084D7E2 /* Info.plist */ = {isa = PBXFileReference; lastKnownFileType = text.plist.xml; path = Info.plist; sourceTree = "<group>"; };
		D198D11E1D215B5B0084D7E2 /* ItemCell.swift */ = {isa = PBXFileReference; fileEncoding = 4; lastKnownFileType = sourcecode.swift; path = ItemCell.swift; sourceTree = "<group>"; };
/* End PBXFileReference section */

/* Begin PBXFrameworksBuildPhase section */
		D198D1031D2158D70084D7E2 /* Frameworks */ = {
			isa = PBXFrameworksBuildPhase;
			buildActionMask = 2147483647;
			files = (
			);
			runOnlyForDeploymentPostprocessing = 0;
		};
/* End PBXFrameworksBuildPhase section */

/* Begin PBXGroup section */
		D198D0FD1D2158D70084D7E2 = {
			isa = PBXGroup;
			children = (
				D198D1081D2158D70084D7E2 /* Collection */,
				D198D1071D2158D70084D7E2 /* Products */,
			);
			sourceTree = "<group>";
		};
		D198D1071D2158D70084D7E2 /* Products */ = {
			isa = PBXGroup;
			children = (
				D198D1061D2158D70084D7E2 /* Collection.app */,
			);
			name = Products;
			sourceTree = "<group>";
		};
		D198D1081D2158D70084D7E2 /* Collection */ = {
			isa = PBXGroup;
			children = (
				D198D1091D2158D70084D7E2 /* AppDelegate.swift */,
				D198D10B1D2158D70084D7E2 /* ViewController.swift */,
				D198D10D1D2158D70084D7E2 /* Main.storyboard */,
				D198D1131D2158D70084D7E2 /* Assets.xcassets */,
				D198D1151D2158D70084D7E2 /* LaunchScreen.storyboard */,
				D198D1181D2158D70084D7E2 /* Info.plist */,
				D198D1101D2158D70084D7E2 /* Collection.xcdatamodeld */,
				D198D11E1D215B5B0084D7E2 /* ItemCell.swift */,
				D19282821D21D82F0011CD92 /* CollectionHelper.swift */,
				D19282841D21D9B00011CD92 /* CreateTableViewController.swift */,
			);
			path = Collection;
			sourceTree = "<group>";
		};
/* End PBXGroup section */

/* Begin PBXNativeTarget section */
		D198D1051D2158D70084D7E2 /* Collection */ = {
			isa = PBXNativeTarget;
			buildConfigurationList = D198D11B1D2158D70084D7E2 /* Build configuration list for PBXNativeTarget "Collection" */;
			buildPhases = (
				D198D1021D2158D70084D7E2 /* Sources */,
				D198D1031D2158D70084D7E2 /* Frameworks */,
				D198D1041D2158D70084D7E2 /* Resources */,
			);
			buildRules = (
			);
			dependencies = (
			);
			name = Collection;
			productName = Collection;
			productReference = D198D1061D2158D70084D7E2 /* Collection.app */;
			productType = "com.apple.product-type.application";
		};
/* End PBXNativeTarget section */

/* Begin PBXProject section */
		D198D0FE1D2158D70084D7E2 /* Project object */ = {
			isa = PBXProject;
			attributes = {
				LastSwiftUpdateCheck = 0730;
				LastUpgradeCheck = 0730;
				ORGANIZATIONNAME = "Jack Cable";
				TargetAttributes = {
					D198D1051D2158D70084D7E2 = {
						CreatedOnToolsVersion = 7.3;
					};
				};
			};
			buildConfigurationList = D198D1011D2158D70084D7E2 /* Build configuration list for PBXProject "Collection" */;
			compatibilityVersion = "Xcode 3.2";
			developmentRegion = English;
			hasScannedForEncodings = 0;
			knownRegions = (
				en,
				Base,
			);
			mainGroup = D198D0FD1D2158D70084D7E2;
			productRefGroup = D198D1071D2158D70084D7E2 /* Products */;
			projectDirPath = "";
			projectRoot = "";
			targets = (
				D198D1051D2158D70084D7E2 /* Collection */,
			);
		};
/* End PBXProject section */

/* Begin PBXResourcesBuildPhase section */
		D198D1041D2158D70084D7E2 /* Resources */ = {
			isa = PBXResourcesBuildPhase;
			buildActionMask = 2147483647;
			files = (
				D198D1171D2158D70084D7E2 /* LaunchScreen.storyboard in Resources */,
				D198D1141D2158D70084D7E2 /* Assets.xcassets in Resources */,
				D198D10F1D2158D70084D7E2 /* Main.storyboard in Resources */,
			);
			runOnlyForDeploymentPostprocessing = 0;
		};
/* End PBXResourcesBuildPhase section */

/* Begin PBXSourcesBuildPhase section */
		D198D1021D2158D70084D7E2 /* Sources */ = {
			isa = PBXSourcesBuildPhase;
			buildActionMask = 2147483647;
			files = (
				D198D11F1D215B5B0084D7E2 /* ItemCell.swift in Sources */,
				D198D10C1D2158D70084D7E2 /* ViewController.swift in Sources */,
				D198D1121D2158D70084D7E2 /* Collection.xcdatamodeld in Sources */,
				D19282851D21D9B00011CD92 /* CreateTableViewController.swift in Sources */,
				D198D10A1D2158D70084D7E2 /* AppDelegate.swift in Sources */,
				D19282831D21D82F0011CD92 /* CollectionHelper.swift in Sources */,
			);
			runOnlyForDeploymentPostprocessing = 0;
		};
/* End PBXSourcesBuildPhase section */

/* Begin PBXVariantGroup section */
		D198D10D1D2158D70084D7E2 /* Main.storyboard */ = {
			isa = PBXVariantGroup;
			children = (
				D198D10E1D2158D70084D7E2 /* Base */,
			);
			name = Main.storyboard;
			sourceTree = "<group>";
		};
		D198D1151D2158D70084D7E2 /* LaunchScreen.storyboard */ = {
			isa = PBXVariantGroup;
			children = (
				D198D1161D2158D70084D7E2 /* Base */,
			);
			name = LaunchScreen.storyboard;
			sourceTree = "<group>";
		};
/* End PBXVariantGroup section */

/* Begin XCBuildConfiguration section */
		D198D1191D2158D70084D7E2 /* Debug */ = {
			isa = XCBuildConfiguration;
			buildSettings = {
				ALWAYS_SEARCH_USER_PATHS = NO;
				CLANG_ANALYZER_NONNULL = YES;
				CLANG_CXX_LANGUAGE_STANDARD = "gnu++0x";
				CLANG_CXX_LIBRARY = "libc++";
				CLANG_ENABLE_MODULES = YES;
				CLANG_ENABLE_OBJC_ARC = YES;
				CLANG_WARN_BOOL_CONVERSION = YES;
				CLANG_WARN_CONSTANT_CONVERSION = YES;
				CLANG_WARN_DIRECT_OBJC_ISA_USAGE = YES_ERROR;
				CLANG_WARN_EMPTY_BODY = YES;
				CLANG_WARN_ENUM_CONVERSION = YES;
				CLANG_WARN_INT_CONVERSION = YES;
				CLANG_WARN_OBJC_ROOT_CLASS = YES_ERROR;
				CLANG_WARN_UNREACHABLE_CODE = YES;
				CLANG_WARN__DUPLICATE_METHOD_MATCH = YES;
				"CODE_SIGN_IDENTITY[sdk=iphoneos*]" = "iPhone Developer";
				COPY_PHASE_STRIP = NO;
				DEBUG_INFORMATION_FORMAT = dwarf;
				ENABLE_STRICT_OBJC_MSGSEND = YES;
				ENABLE_TESTABILITY = YES;
				GCC_C_LANGUAGE_STANDARD = gnu99;
				GCC_DYNAMIC_NO_PIC = NO;
				GCC_NO_COMMON_BLOCKS = YES;
				GCC_OPTIMIZATION_LEVEL = 0;
				GCC_PREPROCESSOR_DEFINITIONS = (
					"DEBUG=1",
					"$(inherited)",
				);
				GCC_WARN_64_TO_32_BIT_CONVERSION = YES;
				GCC_WARN_ABOUT_RETURN_TYPE = YES_ERROR;
				GCC_WARN_UNDECLARED_SELECTOR = YES;
				GCC_WARN_UNINITIALIZED_AUTOS = YES_AGGRESSIVE;
				GCC_WARN_UNUSED_FUNCTION = YES;
				GCC_WARN_UNUSED_VARIABLE = YES;
				IPHONEOS_DEPLOYMENT_TARGET = 9.3;
				MTL_ENABLE_DEBUG_INFO = YES;
				ONLY_ACTIVE_ARCH = YES;
				SDKROOT = iphoneos;
				SWIFT_OPTIMIZATION_LEVEL = "-Onone";
				TARGETED_DEVICE_FAMILY = "1,2";
			};
			name = Debug;
		};
		D198D11A1D2158D70084D7E2 /* Release */ = {
			isa = XCBuildConfiguration;
			buildSettings = {
				ALWAYS_SEARCH_USER_PATHS = NO;
				CLANG_ANALYZER_NONNULL = YES;
				CLANG_CXX_LANGUAGE_STANDARD = "gnu++0x";
				CLANG_CXX_LIBRARY = "libc++";
				CLANG_ENABLE_MODULES = YES;
				CLANG_ENABLE_OBJC_ARC = YES;
				CLANG_WARN_BOOL_CONVERSION = YES;
				CLANG_WARN_CONSTANT_CONVERSION = YES;
				CLANG_WARN_DIRECT_OBJC_ISA_USAGE = YES_ERROR;
				CLANG_WARN_EMPTY_BODY = YES;
				CLANG_WARN_ENUM_CONVERSION = YES;
				CLANG_WARN_INT_CONVERSION = YES;
				CLANG_WARN_OBJC_ROOT_CLASS = YES_ERROR;
				CLANG_WARN_UNREACHABLE_CODE = YES;
				CLANG_WARN__DUPLICATE_METHOD_MATCH = YES;
				"CODE_SIGN_IDENTITY[sdk=iphoneos*]" = "iPhone Developer";
				COPY_PHASE_STRIP = NO;
				DEBUG_INFORMATION_FORMAT = "dwarf-with-dsym";
				ENABLE_NS_ASSERTIONS = NO;
				ENABLE_STRICT_OBJC_MSGSEND = YES;
				GCC_C_LANGUAGE_STANDARD = gnu99;
				GCC_NO_COMMON_BLOCKS = YES;
				GCC_WARN_64_TO_32_BIT_CONVERSION = YES;
				GCC_WARN_ABOUT_RETURN_TYPE = YES_ERROR;
				GCC_WARN_UNDECLARED_SELECTOR = YES;
				GCC_WARN_UNINITIALIZED_AUTOS = YES_AGGRESSIVE;
				GCC_WARN_UNUSED_FUNCTION = YES;
				GCC_WARN_UNUSED_VARIABLE = YES;
				IPHONEOS_DEPLOYMENT_TARGET = 9.3;
				MTL_ENABLE_DEBUG_INFO = NO;
				SDKROOT = iphoneos;
				TARGETED_DEVICE_FAMILY = "1,2";
				VALIDATE_PRODUCT = YES;
			};
			name = Release;
		};
		D198D11C1D2158D70084D7E2 /* Debug */ = {
			isa = XCBuildConfiguration;
			buildSettings = {
				ASSETCATALOG_COMPILER_APPICON_NAME = AppIcon;
				INFOPLIST_FILE = Collection/Info.plist;
				LD_RUNPATH_SEARCH_PATHS = "$(inherited) @executable_path/Frameworks";
				PRODUCT_BUNDLE_IDENTIFIER = "Jack-Cable.Collection";
				PRODUCT_NAME = "$(TARGET_NAME)";
			};
			name = Debug;
		};
		D198D11D1D2158D70084D7E2 /* Release */ = {
			isa = XCBuildConfiguration;
			buildSettings = {
				ASSETCATALOG_COMPILER_APPICON_NAME = AppIcon;
				INFOPLIST_FILE = Collection/Info.plist;
				LD_RUNPATH_SEARCH_PATHS = "$(inherited) @executable_path/Frameworks";
				PRODUCT_BUNDLE_IDENTIFIER = "Jack-Cable.Collection";
				PRODUCT_NAME = "$(TARGET_NAME)";
			};
			name = Release;
		};
/* End XCBuildConfiguration section */

/* Begin XCConfigurationList section */
		D198D1011D2158D70084D7E2 /* Build configuration list for PBXProject "Collection" */ = {
			isa = XCConfigurationList;
			buildConfigurations = (
				D198D1191D2158D70084D7E2 /* Debug */,
				D198D11A1D2158D70084D7E2 /* Release */,
			);
			defaultConfigurationIsVisible = 0;
			defaultConfigurationName = Release;
		};
		D198D11B1D2158D70084D7E2 /* Build configuration list for PBXNativeTarget "Collection" */ = {
			isa = XCConfigurationList;
			buildConfigurations = (
				D198D11C1D2158D70084D7E2 /* Debug */,
				D198D11D1D2158D70084D7E2 /* Release */,
			);
			defaultConfigurationIsVisible = 0;
			defaultConfigurationName = Release;
		};
/* End XCConfigurationList section */

/* Begin XCVersionGroup section */
		D198D1101D2158D70084D7E2 /* Collection.xcdatamodeld */ = {
			isa = XCVersionGroup;
			children = (
				D198D1111D2158D70084D7E2 /* Collection.xcdatamodel */,
			);
			currentVersion = D198D1111D2158D70084D7E2 /* Collection.xcdatamodel */;
			path = Collection.xcdatamodeld;
			sourceTree = "<group>";
			versionGroupType = wrapper.xcdatamodel;
		};
/* End XCVersionGroup section */
	};
	rootObject = D198D0FE1D2158D70084D7E2 /* Project object */;
}
